# Generated by buf. DO NOT EDIT.
version: v2
deps:
  - name: buf.build/googleapis/googleapis
    commit: 004180b77378443887d3b55cabc00384
    digest: b5:e8f475fe3330f31f5fd86ac689093bcd274e19611a09db91f41d637cb9197881ce89882b94d13a58738e53c91c6e4bae7dc1feba85f590164c975a89e25115dc
  - name: buf.build/grpc/grpc
    commit: 0ee95b84c2c740b086a2b895a99887d4
    digest: b5:99e1916f9a349d88a7043ee46e74d51bddc453113fe2764ef33ca7e3daaffc1e976089d96054240c9e5a1aaa9d7f5a2f4fa0fd8bd844f71d7c0015323db16d5c
